
Microsoft Visual Studio Solution File, Format Version 12.00
# Visual Studio Version 17
VisualStudioVersion = 17.0.32112.339
MinimumVisualStudioVersion = 10.0.40219.1
Project("{00D1A9C2-B5F0-4AF3-8072-F6C62B433612}") = "TRMData", "TRMData\TRMData.sqlproj", "{05E5A8F3-6857-414C-BF60-4C7908080A19}"
EndProject
Project("{9A19103F-16F7-4668-BE54-9A1E7A4F7556}") = "TRMDesktopUI", "TRMDesktopUI\TRMDesktopUI.csproj", "{97DF9BD7-C499-4B05-8070-A46DBF663AFA}"
EndProject
Project("{9A19103F-16F7-4668-BE54-9A1E7A4F7556}") = "TRMDataManager.Library", "TRMDataManager.Library\TRMDataManager.Library.csproj", "{3DEC5FED-C1DB-4F26-AB01-CA4E7673470E}"
EndProject
Project("{9A19103F-16F7-4668-BE54-9A1E7A4F7556}") = "TRMDesktopUI.Library", "TRMDesktopUI.Library\TRMDesktopUI.Library.csproj", "{263E1055-E26B-43EF-AE6C-37AFF1946F89}"
EndProject
Project("{2150E333-8FDC-42A3-9474-1A3956D46DE8}") = "Database", "Database", "{03D881F0-9CE8-468B-BD82-30249433D965}"
EndProject
Project("{2150E333-8FDC-42A3-9474-1A3956D46DE8}") = "API", "API", "{DC0888A7-D7F6-4A9D-A508-EB28A1375698}"
EndProject
Project("{2150E333-8FDC-42A3-9474-1A3956D46DE8}") = "WPF", "WPF", "{DA4DFEE2-1149-447B-BDE8-C85AA9230C29}"
EndProject
Project("{9A19103F-16F7-4668-BE54-9A1E7A4F7556}") = "TRMApi", "TRMApi\TRMApi.csproj", "{E19BD593-B0AA-4FD9-9AC7-F9BF31376C6E}"
EndProject
Project("{2150E333-8FDC-42A3-9474-1A3956D46DE8}") = "Solution Items", "Solution Items", "{03C658B0-9DE1-493B-A43A-73E011822265}"
EndProject
Project("{2150E333-8FDC-42A3-9474-1A3956D46DE8}") = "WebApps", "WebApps", "{42E2263D-835A-4EC9-845F-619953662DDA}"
EndProject
Project("{FAE04EC0-301F-11D3-BF4B-00C04F79EFBC}") = "Portal", "Portal\Portal.csproj", "{3D5FA9A0-3B7B-45F2-92CF-0587D8AFAA66}"
EndProject
Global
	GlobalSection(SolutionConfigurationPlatforms) = preSolution
		Debug|Any CPU = Debug|Any CPU
		Release|Any CPU = Release|Any CPU
	EndGlobalSection
	GlobalSection(ProjectConfigurationPlatforms) = postSolution
		{05E5A8F3-6857-414C-BF60-4C7908080A19}.Debug|Any CPU.ActiveCfg = Debug|Any CPU
		{05E5A8F3-6857-414C-BF60-4C7908080A19}.Debug|Any CPU.Build.0 = Debug|Any CPU
		{05E5A8F3-6857-414C-BF60-4C7908080A19}.Debug|Any CPU.Deploy.0 = Debug|Any CPU
		{05E5A8F3-6857-414C-BF60-4C7908080A19}.Release|Any CPU.ActiveCfg = Release|Any CPU
		{05E5A8F3-6857-414C-BF60-4C7908080A19}.Release|Any CPU.Build.0 = Release|Any CPU
		{05E5A8F3-6857-414C-BF60-4C7908080A19}.Release|Any CPU.Deploy.0 = Release|Any CPU
		{97DF9BD7-C499-4B05-8070-A46DBF663AFA}.Debug|Any CPU.ActiveCfg = Debug|Any CPU
		{97DF9BD7-C499-4B05-8070-A46DBF663AFA}.Debug|Any CPU.Build.0 = Debug|Any CPU
		{97DF9BD7-C499-4B05-8070-A46DBF663AFA}.Release|Any CPU.ActiveCfg = Release|Any CPU
		{97DF9BD7-C499-4B05-8070-A46DBF663AFA}.Release|Any CPU.Build.0 = Release|Any CPU
		{3DEC5FED-C1DB-4F26-AB01-CA4E7673470E}.Debug|Any CPU.ActiveCfg = Debug|Any CPU
		{3DEC5FED-C1DB-4F26-AB01-CA4E7673470E}.Debug|Any CPU.Build.0 = Debug|Any CPU
		{3DEC5FED-C1DB-4F26-AB01-CA4E7673470E}.Release|Any CPU.ActiveCfg = Release|Any CPU
		{3DEC5FED-C1DB-4F26-AB01-CA4E7673470E}.Release|Any CPU.Build.0 = Release|Any CPU
		{263E1055-E26B-43EF-AE6C-37AFF1946F89}.Debug|Any CPU.ActiveCfg = Debug|Any CPU
		{263E1055-E26B-43EF-AE6C-37AFF1946F89}.Debug|Any CPU.Build.0 = Debug|Any CPU
		{263E1055-E26B-43EF-AE6C-37AFF1946F89}.Release|Any CPU.ActiveCfg = Release|Any CPU
		{263E1055-E26B-43EF-AE6C-37AFF1946F89}.Release|Any CPU.Build.0 = Release|Any CPU
		{E19BD593-B0AA-4FD9-9AC7-F9BF31376C6E}.Debug|Any CPU.ActiveCfg = Debug|Any CPU
		{E19BD593-B0AA-4FD9-9AC7-F9BF31376C6E}.Debug|Any CPU.Build.0 = Debug|Any CPU
		{E19BD593-B0AA-4FD9-9AC7-F9BF31376C6E}.Release|Any CPU.ActiveCfg = Release|Any CPU
		{E19BD593-B0AA-4FD9-9AC7-F9BF31376C6E}.Release|Any CPU.Build.0 = Release|Any CPU
		{3D5FA9A0-3B7B-45F2-92CF-0587D8AFAA66}.Debug|Any CPU.ActiveCfg = Debug|Any CPU
		{3D5FA9A0-3B7B-45F2-92CF-0587D8AFAA66}.Debug|Any CPU.Build.0 = Debug|Any CPU
		{3D5FA9A0-3B7B-45F2-92CF-0587D8AFAA66}.Release|Any CPU.ActiveCfg = Release|Any CPU
		{3D5FA9A0-3B7B-45F2-92CF-0587D8AFAA66}.Release|Any CPU.Build.0 = Release|Any CPU
	EndGlobalSection
	GlobalSection(SolutionProperties) = preSolution
		HideSolutionNode = FALSE
	EndGlobalSection
	GlobalSection(NestedProjects) = preSolution
		{05E5A8F3-6857-414C-BF60-4C7908080A19} = {03D881F0-9CE8-468B-BD82-30249433D965}
		{97DF9BD7-C499-4B05-8070-A46DBF663AFA} = {DA4DFEE2-1149-447B-BDE8-C85AA9230C29}
		{3DEC5FED-C1DB-4F26-AB01-CA4E7673470E} = {DC0888A7-D7F6-4A9D-A508-EB28A1375698}
		{263E1055-E26B-43EF-AE6C-37AFF1946F89} = {DA4DFEE2-1149-447B-BDE8-C85AA9230C29}
		{E19BD593-B0AA-4FD9-9AC7-F9BF31376C6E} = {DC0888A7-D7F6-4A9D-A508-EB28A1375698}
		{3D5FA9A0-3B7B-45F2-92CF-0587D8AFAA66} = {42E2263D-835A-4EC9-845F-619953662DDA}
	EndGlobalSection
	GlobalSection(ExtensibilityGlobals) = postSolution
		SolutionGuid = {637A8297-B4D9-4C38-BD18-0F334A7672E4}
	EndGlobalSection
EndGlobal
